// !$*UTF8*$!
{
	archiveVersion = 1;
	classes = {
	};
	objectVersion = 46;
	objects = {

/* Begin PBXBuildFile section */
		4654D1341C6DABE3007071CA /* AppDelegate.swift in Sources */ = {isa = PBXBuildFile; fileRef = 4654D1331C6DABE3007071CA /* AppDelegate.swift */; };
		4654D1361C6DABE3007071CA /* ViewController.swift in Sources */ = {isa = PBXBuildFile; fileRef = 4654D1351C6DABE3007071CA /* ViewController.swift */; };
		4654D1391C6DABE3007071CA /* Main.storyboard in Resources */ = {isa = PBXBuildFile; fileRef = 4654D1371C6DABE3007071CA /* Main.storyboard */; };
		4654D13B1C6DABE3007071CA /* Assets.xcassets in Resources */ = {isa = PBXBuildFile; fileRef = 4654D13A1C6DABE3007071CA /* Assets.xcassets */; };
		4654D13E1C6DABE3007071CA /* LaunchScreen.storyboard in Resources */ = {isa = PBXBuildFile; fileRef = 4654D13C1C6DABE3007071CA /* LaunchScreen.storyboard */; };
		4654D1491C6DABE3007071CA /* LogisticRegressionTests.swift in Sources */ = {isa = PBXBuildFile; fileRef = 4654D1481C6DABE3007071CA /* LogisticRegressionTests.swift */; };
		4654D1541C6DABE3007071CA /* LogisticRegressionUITests.swift in Sources */ = {isa = PBXBuildFile; fileRef = 4654D1531C6DABE3007071CA /* LogisticRegressionUITests.swift */; };
/* End PBXBuildFile section */

/* Begin PBXContainerItemProxy section */
		4654D1451C6DABE3007071CA /* PBXContainerItemProxy */ = {
			isa = PBXContainerItemProxy;
			containerPortal = 4654D1281C6DABE3007071CA /* Project object */;
			proxyType = 1;
			remoteGlobalIDString = 4654D12F1C6DABE3007071CA;
			remoteInfo = LogisticRegression;
		};
		4654D1501C6DABE3007071CA /* PBXContainerItemProxy */ = {
			isa = PBXContainerItemProxy;
			containerPortal = 4654D1281C6DABE3007071CA /* Project object */;
			proxyType = 1;
			remoteGlobalIDString = 4654D12F1C6DABE3007071CA;
			remoteInfo = LogisticRegression;
		};
/* End PBXContainerItemProxy section */

/* Begin PBXFileReference section */
		4654D1301C6DABE3007071CA /* LogisticRegression.app */ = {isa = PBXFileReference; explicitFileType = wrapper.application; includeInIndex = 0; path = LogisticRegression.app; sourceTree = BUILT_PRODUCTS_DIR; };
		4654D1331C6DABE3007071CA /* AppDelegate.swift */ = {isa = PBXFileReference; lastKnownFileType = sourcecode.swift; path = AppDelegate.swift; sourceTree = "<group>"; };
		4654D1351C6DABE3007071CA /* ViewController.swift */ = {isa = PBXFileReference; lastKnownFileType = sourcecode.swift; path = ViewController.swift; sourceTree = "<group>"; };
		4654D1381C6DABE3007071CA /* Base */ = {isa = PBXFileReference; lastKnownFileType = file.storyboard; name = Base; path = Base.lproj/Main.storyboard; sourceTree = "<group>"; };
		4654D13A1C6DABE3007071CA /* Assets.xcassets */ = {isa = PBXFileReference; lastKnownFileType = folder.assetcatalog; path = Assets.xcassets; sourceTree = "<group>"; };
		4654D13D1C6DABE3007071CA /* Base */ = {isa = PBXFileReference; lastKnownFileType = file.storyboard; name = Base; path = Base.lproj/LaunchScreen.storyboard; sourceTree = "<group>"; };
		4654D13F1C6DABE3007071CA /* Info.plist */ = {isa = PBXFileReference; lastKnownFileType = text.plist.xml; path = Info.plist; sourceTree = "<group>"; };
		4654D1441C6DABE3007071CA /* LogisticRegressionTests.xctest */ = {isa = PBXFileReference; explicitFileType = wrapper.cfbundle; includeInIndex = 0; path = LogisticRegressionTests.xctest; sourceTree = BUILT_PRODUCTS_DIR; };
		4654D1481C6DABE3007071CA /* LogisticRegressionTests.swift */ = {isa = PBXFileReference; lastKnownFileType = sourcecode.swift; path = LogisticRegressionTests.swift; sourceTree = "<group>"; };
		4654D14A1C6DABE3007071CA /* Info.plist */ = {isa = PBXFileReference; lastKnownFileType = text.plist.xml; path = Info.plist; sourceTree = "<group>"; };
		4654D14F1C6DABE3007071CA /* LogisticRegressionUITests.xctest */ = {isa = PBXFileReference; explicitFileType = wrapper.cfbundle; includeInIndex = 0; path = LogisticRegressionUITests.xctest; sourceTree = BUILT_PRODUCTS_DIR; };
		4654D1531C6DABE3007071CA /* LogisticRegressionUITests.swift */ = {isa = PBXFileReference; lastKnownFileType = sourcecode.swift; path = LogisticRegressionUITests.swift; sourceTree = "<group>"; };
		4654D1551C6DABE3007071CA /* Info.plist */ = {isa = PBXFileReference; lastKnownFileType = text.plist.xml; path = Info.plist; sourceTree = "<group>"; };
/* End PBXFileReference section */

/* Begin PBXFrameworksBuildPhase section */
		4654D12D1C6DABE3007071CA /* Frameworks */ = {
			isa = PBXFrameworksBuildPhase;
			buildActionMask = 2147483647;
			files = (
			);
			runOnlyForDeploymentPostprocessing = 0;
		};
		4654D1411C6DABE3007071CA /* Frameworks */ = {
			isa = PBXFrameworksBuildPhase;
			buildActionMask = 2147483647;
			files = (
			);
			runOnlyForDeploymentPostprocessing = 0;
		};
		4654D14C1C6DABE3007071CA /* Frameworks */ = {
			isa = PBXFrameworksBuildPhase;
			buildActionMask = 2147483647;
			files = (
			);
			runOnlyForDeploymentPostprocessing = 0;
		};
/* End PBXFrameworksBuildPhase section */

/* Begin PBXGroup section */
		4654D1271C6DABE3007071CA = {
			isa = PBXGroup;
			children = (
				4654D1321C6DABE3007071CA /* LogisticRegression */,
				4654D1471C6DABE3007071CA /* LogisticRegressionTests */,
				4654D1521C6DABE3007071CA /* LogisticRegressionUITests */,
				4654D1311C6DABE3007071CA /* Products */,
			);
			sourceTree = "<group>";
		};
		4654D1311C6DABE3007071CA /* Products */ = {
			isa = PBXGroup;
			children = (
				4654D1301C6DABE3007071CA /* LogisticRegression.app */,
				4654D1441C6DABE3007071CA /* LogisticRegressionTests.xctest */,
				4654D14F1C6DABE3007071CA /* LogisticRegressionUITests.xctest */,
			);
			name = Products;
			sourceTree = "<group>";
		};
		4654D1321C6DABE3007071CA /* LogisticRegression */ = {
			isa = PBXGroup;
			children = (
				4654D1331C6DABE3007071CA /* AppDelegate.swift */,
				4654D1351C6DABE3007071CA /* ViewController.swift */,
				4654D1371C6DABE3007071CA /* Main.storyboard */,
				4654D13A1C6DABE3007071CA /* Assets.xcassets */,
				4654D13C1C6DABE3007071CA /* LaunchScreen.storyboard */,
				4654D13F1C6DABE3007071CA /* Info.plist */,
			);
			path = LogisticRegression;
			sourceTree = "<group>";
		};
		4654D1471C6DABE3007071CA /* LogisticRegressionTests */ = {
			isa = PBXGroup;
			children = (
				4654D1481C6DABE3007071CA /* LogisticRegressionTests.swift */,
				4654D14A1C6DABE3007071CA /* Info.plist */,
			);
			path = LogisticRegressionTests;
			sourceTree = "<group>";
		};
		4654D1521C6DABE3007071CA /* LogisticRegressionUITests */ = {
			isa = PBXGroup;
			children = (
				4654D1531C6DABE3007071CA /* LogisticRegressionUITests.swift */,
				4654D1551C6DABE3007071CA /* Info.plist */,
			);
			path = LogisticRegressionUITests;
			sourceTree = "<group>";
		};
/* End PBXGroup section */

/* Begin PBXNativeTarget section */
		4654D12F1C6DABE3007071CA /* LogisticRegression */ = {
			isa = PBXNativeTarget;
			buildConfigurationList = 4654D1581C6DABE3007071CA /* Build configuration list for PBXNativeTarget "LogisticRegression" */;
			buildPhases = (
				4654D12C1C6DABE3007071CA /* Sources */,
				4654D12D1C6DABE3007071CA /* Frameworks */,
				4654D12E1C6DABE3007071CA /* Resources */,
			);
			buildRules = (
			);
			dependencies = (
			);
			name = LogisticRegression;
			productName = LogisticRegression;
			productReference = 4654D1301C6DABE3007071CA /* LogisticRegression.app */;
			productType = "com.apple.product-type.application";
		};
		4654D1431C6DABE3007071CA /* LogisticRegressionTests */ = {
			isa = PBXNativeTarget;
			buildConfigurationList = 4654D15B1C6DABE3007071CA /* Build configuration list for PBXNativeTarget "LogisticRegressionTests" */;
			buildPhases = (
				4654D1401C6DABE3007071CA /* Sources */,
				4654D1411C6DABE3007071CA /* Frameworks */,
				4654D1421C6DABE3007071CA /* Resources */,
			);
			buildRules = (
			);
			dependencies = (
				4654D1461C6DABE3007071CA /* PBXTargetDependency */,
			);
			name = LogisticRegressionTests;
			productName = LogisticRegressionTests;
			productReference = 4654D1441C6DABE3007071CA /* LogisticRegressionTests.xctest */;
			productType = "com.apple.product-type.bundle.unit-test";
		};
		4654D14E1C6DABE3007071CA /* LogisticRegressionUITests */ = {
			isa = PBXNativeTarget;
			buildConfigurationList = 4654D15E1C6DABE3007071CA /* Build configuration list for PBXNativeTarget "LogisticRegressionUITests" */;
			buildPhases = (
				4654D14B1C6DABE3007071CA /* Sources */,
				4654D14C1C6DABE3007071CA /* Frameworks */,
				4654D14D1C6DABE3007071CA /* Resources */,
			);
			buildRules = (
			);
			dependencies = (
				4654D1511C6DABE3007071CA /* PBXTargetDependency */,
			);
			name = LogisticRegressionUITests;
			productName = LogisticRegressionUITests;
			productReference = 4654D14F1C6DABE3007071CA /* LogisticRegressionUITests.xctest */;
			productType = "com.apple.product-type.bundle.ui-testing";
		};
/* End PBXNativeTarget section */

/* Begin PBXProject section */
		4654D1281C6DABE3007071CA /* Project object */ = {
			isa = PBXProject;
			attributes = {
				LastSwiftUpdateCheck = 0720;
				LastUpgradeCheck = 0720;
				ORGANIZATIONNAME = koooootake;
				TargetAttributes = {
					4654D12F1C6DABE3007071CA = {
						CreatedOnToolsVersion = 7.2.1;
					};
					4654D1431C6DABE3007071CA = {
						CreatedOnToolsVersion = 7.2.1;
						TestTargetID = 4654D12F1C6DABE3007071CA;
					};
					4654D14E1C6DABE3007071CA = {
						CreatedOnToolsVersion = 7.2.1;
						TestTargetID = 4654D12F1C6DABE3007071CA;
					};
				};
			};
			buildConfigurationList = 4654D12B1C6DABE3007071CA /* Build configuration list for PBXProject "LogisticRegression" */;
			compatibilityVersion = "Xcode 3.2";
			developmentRegion = English;
			hasScannedForEncodings = 0;
			knownRegions = (
				en,
				Base,
			);
			mainGroup = 4654D1271C6DABE3007071CA;
			productRefGroup = 4654D1311C6DABE3007071CA /* Products */;
			projectDirPath = "";
			projectRoot = "";
			targets = (
				4654D12F1C6DABE3007071CA /* LogisticRegression */,
				4654D1431C6DABE3007071CA /* LogisticRegressionTests */,
				4654D14E1C6DABE3007071CA /* LogisticRegressionUITests */,
			);
		};
/* End PBXProject section */

/* Begin PBXResourcesBuildPhase section */
		4654D12E1C6DABE3007071CA /* Resources */ = {
			isa = PBXResourcesBuildPhase;
			buildActionMask = 2147483647;
			files = (
				4654D13E1C6DABE3007071CA /* LaunchScreen.storyboard in Resources */,
				4654D13B1C6DABE3007071CA /* Assets.xcassets in Resources */,
				4654D1391C6DABE3007071CA /* Main.storyboard in Resources */,
			);
			runOnlyForDeploymentPostprocessing = 0;
		};
		4654D1421C6DABE3007071CA /* Resources */ = {
			isa = PBXResourcesBuildPhase;
			buildActionMask = 2147483647;
			files = (
			);
			runOnlyForDeploymentPostprocessing = 0;
		};
		4654D14D1C6DABE3007071CA /* Resources */ = {
			isa = PBXResourcesBuildPhase;
			buildActionMask = 2147483647;
			files = (
			);
			runOnlyForDeploymentPostprocessing = 0;
		};
/* End PBXResourcesBuildPhase section */

/* Begin PBXSourcesBuildPhase section */
		4654D12C1C6DABE3007071CA /* Sources */ = {
			isa = PBXSourcesBuildPhase;
			buildActionMask = 2147483647;
			files = (
				4654D1361C6DABE3007071CA /* ViewController.swift in Sources */,
				4654D1341C6DABE3007071CA /* AppDelegate.swift in Sources */,
			);
			runOnlyForDeploymentPostprocessing = 0;
		};
		4654D1401C6DABE3007071CA /* Sources */ = {
			isa = PBXSourcesBuildPhase;
			buildActionMask = 2147483647;
			files = (
				4654D1491C6DABE3007071CA /* LogisticRegressionTests.swift in Sources */,
			);
			runOnlyForDeploymentPostprocessing = 0;
		};
		4654D14B1C6DABE3007071CA /* Sources */ = {
			isa = PBXSourcesBuildPhase;
			buildActionMask = 2147483647;
			files = (
				4654D1541C6DABE3007071CA /* LogisticRegressionUITests.swift in Sources */,
			);
			runOnlyForDeploymentPostprocessing = 0;
		};
/* End PBXSourcesBuildPhase section */

/* Begin PBXTargetDependency section */
		4654D1461C6DABE3007071CA /* PBXTargetDependency */ = {
			isa = PBXTargetDependency;
			target = 4654D12F1C6DABE3007071CA /* LogisticRegression */;
			targetProxy = 4654D1451C6DABE3007071CA /* PBXContainerItemProxy */;
		};
		4654D1511C6DABE3007071CA /* PBXTargetDependency */ = {
			isa = PBXTargetDependency;
			target = 4654D12F1C6DABE3007071CA /* LogisticRegression */;
			targetProxy = 4654D1501C6DABE3007071CA /* PBXContainerItemProxy */;
		};
/* End PBXTargetDependency section */

/* Begin PBXVariantGroup section */
		4654D1371C6DABE3007071CA /* Main.storyboard */ = {
			isa = PBXVariantGroup;
			children = (
				4654D1381C6DABE3007071CA /* Base */,
			);
			name = Main.storyboard;
			sourceTree = "<group>";
		};
		4654D13C1C6DABE3007071CA /* LaunchScreen.storyboard */ = {
			isa = PBXVariantGroup;
			children = (
				4654D13D1C6DABE3007071CA /* Base */,
			);
			name = LaunchScreen.storyboard;
			sourceTree = "<group>";
		};
/* End PBXVariantGroup section */

/* Begin XCBuildConfiguration section */
		4654D1561C6DABE3007071CA /* Debug */ = {
			isa = XCBuildConfiguration;
			buildSettings = {
				ALWAYS_SEARCH_USER_PATHS = NO;
				CLANG_CXX_LANGUAGE_STANDARD = "gnu++0x";
				CLANG_CXX_LIBRARY = "libc++";
				CLANG_ENABLE_MODULES = YES;
				CLANG_ENABLE_OBJC_ARC = YES;
				CLANG_WARN_BOOL_CONVERSION = YES;
				CLANG_WARN_CONSTANT_CONVERSION = YES;
				CLANG_WARN_DIRECT_OBJC_ISA_USAGE = YES_ERROR;
				CLANG_WARN_EMPTY_BODY = YES;
				CLANG_WARN_ENUM_CONVERSION = YES;
				CLANG_WARN_INT_CONVERSION = YES;
				CLANG_WARN_OBJC_ROOT_CLASS = YES_ERROR;
				CLANG_WARN_UNREACHABLE_CODE = YES;
				CLANG_WARN__DUPLICATE_METHOD_MATCH = YES;
				"CODE_SIGN_IDENTITY[sdk=iphoneos*]" = "iPhone Developer";
				COPY_PHASE_STRIP = NO;
				DEBUG_INFORMATION_FORMAT = dwarf;
				ENABLE_STRICT_OBJC_MSGSEND = YES;
				ENABLE_TESTABILITY = YES;
				GCC_C_LANGUAGE_STANDARD = gnu99;
				GCC_DYNAMIC_NO_PIC = NO;
				GCC_NO_COMMON_BLOCKS = YES;
				GCC_OPTIMIZATION_LEVEL = 0;
				GCC_PREPROCESSOR_DEFINITIONS = (
					"DEBUG=1",
					"$(inherited)",
				);
				GCC_WARN_64_TO_32_BIT_CONVERSION = YES;
				GCC_WARN_ABOUT_RETURN_TYPE = YES_ERROR;
				GCC_WARN_UNDECLARED_SELECTOR = YES;
				GCC_WARN_UNINITIALIZED_AUTOS = YES_AGGRESSIVE;
				GCC_WARN_UNUSED_FUNCTION = YES;
				GCC_WARN_UNUSED_VARIABLE = YES;
				IPHONEOS_DEPLOYMENT_TARGET = 9.2;
				MTL_ENABLE_DEBUG_INFO = YES;
				ONLY_ACTIVE_ARCH = YES;
				SDKROOT = iphoneos;
				SWIFT_OPTIMIZATION_LEVEL = "-Onone";
			};
			name = Debug;
		};
		4654D1571C6DABE3007071CA /* Release */ = {
			isa = XCBuildConfiguration;
			buildSettings = {
				ALWAYS_SEARCH_USER_PATHS = NO;
				CLANG_CXX_LANGUAGE_STANDARD = "gnu++0x";
				CLANG_CXX_LIBRARY = "libc++";
				CLANG_ENABLE_MODULES = YES;
				CLANG_ENABLE_OBJC_ARC = YES;
				CLANG_WARN_BOOL_CONVERSION = YES;
				CLANG_WARN_CONSTANT_CONVERSION = YES;
				CLANG_WARN_DIRECT_OBJC_ISA_USAGE = YES_ERROR;
				CLANG_WARN_EMPTY_BODY = YES;
				CLANG_WARN_ENUM_CONVERSION = YES;
				CLANG_WARN_INT_CONVERSION = YES;
				CLANG_WARN_OBJC_ROOT_CLASS = YES_ERROR;
				CLANG_WARN_UNREACHABLE_CODE = YES;
				CLANG_WARN__DUPLICATE_METHOD_MATCH = YES;
				"CODE_SIGN_IDENTITY[sdk=iphoneos*]" = "iPhone Developer";
				COPY_PHASE_STRIP = NO;
				DEBUG_INFORMATION_FORMAT = "dwarf-with-dsym";
				ENABLE_NS_ASSERTIONS = NO;
				ENABLE_STRICT_OBJC_MSGSEND = YES;
				GCC_C_LANGUAGE_STANDARD = gnu99;
				GCC_NO_COMMON_BLOCKS = YES;
				GCC_WARN_64_TO_32_BIT_CONVERSION = YES;
				GCC_WARN_ABOUT_RETURN_TYPE = YES_ERROR;
				GCC_WARN_UNDECLARED_SELECTOR = YES;
				GCC_WARN_UNINITIALIZED_AUTOS = YES_AGGRESSIVE;
				GCC_WARN_UNUSED_FUNCTION = YES;
				GCC_WARN_UNUSED_VARIABLE = YES;
				IPHONEOS_DEPLOYMENT_TARGET = 9.2;
				MTL_ENABLE_DEBUG_INFO = NO;
				SDKROOT = iphoneos;
				VALIDATE_PRODUCT = YES;
			};
			name = Release;
		};
		4654D1591C6DABE3007071CA /* Debug */ = {
			isa = XCBuildConfiguration;
			buildSettings = {
				ASSETCATALOG_COMPILER_APPICON_NAME = AppIcon;
				INFOPLIST_FILE = LogisticRegression/Info.plist;
				LD_RUNPATH_SEARCH_PATHS = "$(inherited) @executable_path/Frameworks";
				PRODUCT_BUNDLE_IDENTIFIER = koooootake.LogisticRegression;
				PRODUCT_NAME = "$(TARGET_NAME)";
			};
			name = Debug;
		};
		4654D15A1C6DABE3007071CA /* Release */ = {
			isa = XCBuildConfiguration;
			buildSettings = {
				ASSETCATALOG_COMPILER_APPICON_NAME = AppIcon;
				INFOPLIST_FILE = LogisticRegression/Info.plist;
				LD_RUNPATH_SEARCH_PATHS = "$(inherited) @executable_path/Frameworks";
				PRODUCT_BUNDLE_IDENTIFIER = koooootake.LogisticRegression;
				PRODUCT_NAME = "$(TARGET_NAME)";
			};
			name = Release;
		};
		4654D15C1C6DABE3007071CA /* Debug */ = {
			isa = XCBuildConfiguration;
			buildSettings = {
				BUNDLE_LOADER = "$(TEST_HOST)";
				INFOPLIST_FILE = LogisticRegressionTests/Info.plist;
				LD_RUNPATH_SEARCH_PATHS = "$(inherited) @executable_path/Frameworks @loader_path/Frameworks";
				PRODUCT_BUNDLE_IDENTIFIER = koooootake.LogisticRegressionTests;
				PRODUCT_NAME = "$(TARGET_NAME)";
				TEST_HOST = "$(BUILT_PRODUCTS_DIR)/LogisticRegression.app/LogisticRegression";
			};
			name = Debug;
		};
		4654D15D1C6DABE3007071CA /* Release */ = {
			isa = XCBuildConfiguration;
			buildSettings = {
				BUNDLE_LOADER = "$(TEST_HOST)";
				INFOPLIST_FILE = LogisticRegressionTests/Info.plist;
				LD_RUNPATH_SEARCH_PATHS = "$(inherited) @executable_path/Frameworks @loader_path/Frameworks";
				PRODUCT_BUNDLE_IDENTIFIER = koooootake.LogisticRegressionTests;
				PRODUCT_NAME = "$(TARGET_NAME)";
				TEST_HOST = "$(BUILT_PRODUCTS_DIR)/LogisticRegression.app/LogisticRegression";
			};
			name = Release;
		};
		4654D15F1C6DABE3007071CA /* Debug */ = {
			isa = XCBuildConfiguration;
			buildSettings = {
				INFOPLIST_FILE = LogisticRegressionUITests/Info.plist;
				LD_RUNPATH_SEARCH_PATHS = "$(inherited) @executable_path/Frameworks @loader_path/Frameworks";
				PRODUCT_BUNDLE_IDENTIFIER = koooootake.LogisticRegressionUITests;
				PRODUCT_NAME = "$(TARGET_NAME)";
				TEST_TARGET_NAME = LogisticRegression;
				USES_XCTRUNNER = YES;
			};
			name = Debug;
		};
		4654D1601C6DABE3007071CA /* Release */ = {
			isa = XCBuildConfiguration;
			buildSettings = {
				INFOPLIST_FILE = LogisticRegressionUITests/Info.plist;
				LD_RUNPATH_SEARCH_PATHS = "$(inherited) @executable_path/Frameworks @loader_path/Frameworks";
				PRODUCT_BUNDLE_IDENTIFIER = koooootake.LogisticRegressionUITests;
				PRODUCT_NAME = "$(TARGET_NAME)";
				TEST_TARGET_NAME = LogisticRegression;
				USES_XCTRUNNER = YES;
			};
			name = Release;
		};
/* End XCBuildConfiguration section */

/* Begin XCConfigurationList section */
		4654D12B1C6DABE3007071CA /* Build configuration list for PBXProject "LogisticRegression" */ = {
			isa = XCConfigurationList;
			buildConfigurations = (
				4654D1561C6DABE3007071CA /* Debug */,
				4654D1571C6DABE3007071CA /* Release */,
			);
			defaultConfigurationIsVisible = 0;
			defaultConfigurationName = Release;
		};
		4654D1581C6DABE3007071CA /* Build configuration list for PBXNativeTarget "LogisticRegression" */ = {
			isa = XCConfigurationList;
			buildConfigurations = (
				4654D1591C6DABE3007071CA /* Debug */,
				4654D15A1C6DABE3007071CA /* Release */,
			);
			defaultConfigurationIsVisible = 0;
			defaultConfigurationName = Release;
		};
		4654D15B1C6DABE3007071CA /* Build configuration list for PBXNativeTarget "LogisticRegressionTests" */ = {
			isa = XCConfigurationList;
			buildConfigurations = (
				4654D15C1C6DABE3007071CA /* Debug */,
				4654D15D1C6DABE3007071CA /* Release */,
			);
			defaultConfigurationIsVisible = 0;
			defaultConfigurationName = Release;
		};
		4654D15E1C6DABE3007071CA /* Build configuration list for PBXNativeTarget "LogisticRegressionUITests" */ = {
			isa = XCConfigurationList;
			buildConfigurations = (
				4654D15F1C6DABE3007071CA /* Debug */,
				4654D1601C6DABE3007071CA /* Release */,
			);
			defaultConfigurationIsVisible = 0;
			defaultConfigurationName = Release;
		};
/* End XCConfigurationList section */
	};
	rootObject = 4654D1281C6DABE3007071CA /* Project object */;
}
